<?xml version="1.0" encoding="utf-8"?>
<Project ToolsVersion="4.0" xmlns="http://schemas.microsoft.com/developer/msbuild/2003">
  <ItemGroup>
    <Filter Include="Source Files">
      <UniqueIdentifier>{4FC737F1-C7A5-4376-A066-2A32D752A2FF}</UniqueIdentifier>
      <Extensions>cpp;c;cc;cxx;def;odl;idl;hpj;bat;asm;asmx</Extensions>
    </Filter>
    <Filter Include="Header Files">
      <UniqueIdentifier>{93995380-89BD-4b04-88EB-625FBE52EBFB}</UniqueIdentifier>
      <Extensions>h;hpp;hxx;hm;inl;inc;xsd</Extensions>
    </Filter>
    <Filter Include="Resource Files">
      <UniqueIdentifier>{67DA6AB6-F800-4c08-8B7A-83BB121AAD01}</UniqueIdentifier>
      <Extensions>rc;ico;cur;bmp;dlg;rc2;rct;bin;rgs;gif;jpg;jpeg;jpe;resx;tiff;tif;png;wav</Extensions>
    </Filter>
  </ItemGroup>
  <ItemGroup>
    <ClCompile Include="about.cpp">
      <Filter>Source Files</Filter>
    </ClCompile>
    <ClCompile Include="app.cpp">
      <Filter>Source Files</Filter>
    </ClCompile>
    <ClCompile Include="balloontext.cpp">
      <Filter>Source Files</Filter>
    </ClCompile>
    <ClCompile Include="checkbox.cpp">
      <Filter>Source Files</Filter>
    </ClCompile>
    <ClCompile Include="core.cpp">
      <Filter>Source Files</Filter>
    </ClCompile>
    <ClCompile Include="dib.cpp">
      <Filter>Source Files</Filter>
    </ClCompile>
    <ClCompile Include="dock3d.cpp">
      <Filter>Source Files</Filter>
    </ClCompile>
    <ClCompile Include="editicon.cpp">
      <Filter>Source Files</Filter>
    </ClCompile>
    <ClCompile Include="expose.cpp">
      <Filter>Source Files</Filter>
    </ClCompile>
    <ClCompile Include="gcombobox.cpp">
      <Filter>Source Files</Filter>
    </ClCompile>
    <ClCompile Include="icons.cpp">
      <Filter>Source Files</Filter>
    </ClCompile>
    <ClCompile Include="imagebutton.cpp">
      <Filter>Source Files</Filter>
    </ClCompile>
    <ClCompile Include="ini.cpp">
      <Filter>Source Files</Filter>
    </ClCompile>
    <ClCompile Include="items.cpp">
      <Filter>Source Files</Filter>
    </ClCompile>
    <ClCompile Include="json_reader.cpp">
      <Filter>Source Files</Filter>
    </ClCompile>
    <ClCompile Include="json_value.cpp">
      <Filter>Source Files</Filter>
    </ClCompile>
    <ClCompile Include="json_writer.cpp">
      <Filter>Source Files</Filter>
    </ClCompile>
    <ClCompile Include="main.cpp">
      <Filter>Source Files</Filter>
    </ClCompile>
    <ClCompile Include="menu.cpp">
      <Filter>Source Files</Filter>
    </ClCompile>
    <ClCompile Include="monitors.cpp">
      <Filter>Source Files</Filter>
    </ClCompile>
    <ClCompile Include="notifications.cpp">
      <Filter>Source Files</Filter>
    </ClCompile>
    <ClCompile Include="oddocklets.cpp">
      <Filter>Source Files</Filter>
    </ClCompile>
    <ClCompile Include="oledatasourceex.cpp">
      <Filter>Source Files</Filter>
    </ClCompile>
    <ClCompile Include="pluginlist.cpp">
      <Filter>Source Files</Filter>
    </ClCompile>
    <ClCompile Include="plugins.cpp">
      <Filter>Source Files</Filter>
    </ClCompile>
    <ClCompile Include="preferences.cpp">
      <Filter>Source Files</Filter>
    </ClCompile>
    <ClCompile Include="safedwmapi.cpp">
      <Filter>Source Files</Filter>
    </ClCompile>
    <ClCompile Include="screencmp.cpp">
      <Filter>Source Files</Filter>
    </ClCompile>
    <ClCompile Include="shellio.cpp">
      <Filter>Source Files</Filter>
    </ClCompile>
    <ClCompile Include="skin.cpp">
      <Filter>Source Files</Filter>
    </ClCompile>
    <ClCompile Include="skinlist.cpp">
      <Filter>Source Files</Filter>
    </ClCompile>
    <ClCompile Include="tabscontrol.cpp">
      <Filter>Source Files</Filter>
    </ClCompile>
    <ClCompile Include="trackbar.cpp">
      <Filter>Source Files</Filter>
    </ClCompile>
    <ClCompile Include="update.cpp">
      <Filter>Source Files</Filter>
    </ClCompile>
    <ClCompile Include="utils.cpp">
      <Filter>Source Files</Filter>
    </ClCompile>
    <ClCompile Include="xwd.cpp">
      <Filter>Source Files</Filter>
    </ClCompile>
    <ClCompile Include="XWDAPI.cpp">
      <Filter>Source Files</Filter>
    </ClCompile>
    <ClCompile Include="XWDPublicAPI.cpp">
      <Filter>Source Files</Filter>
    </ClCompile>
    <ClCompile Include="folderwatch.cpp">
      <Filter>Source Files</Filter>
    </ClCompile>
    <ClCompile Include="minimizer.cpp">
      <Filter>Source Files</Filter>
    </ClCompile>
  </ItemGroup>
  <ItemGroup>
    <None Include="XWD.def">
      <Filter>Source Files</Filter>
    </None>
    <None Include="xwd.ico">
      <Filter>Resource Files</Filter>
    </None>
    <None Include="32764.cur">
      <Filter>Resource Files</Filter>
    </None>
    <None Include="32765.cur">
      <Filter>Resource Files</Filter>
    </None>
  </ItemGroup>
  <ItemGroup>
    <ClInclude Include="about.h">
      <Filter>Header Files</Filter>
    </ClInclude>
    <ClInclude Include="app.h">
      <Filter>Header Files</Filter>
    </ClInclude>
    <ClInclude Include="balloontext.h">
      <Filter>Header Files</Filter>
    </ClInclude>
    <ClInclude Include="checkbox.h">
      <Filter>Header Files</Filter>
    </ClInclude>
    <ClInclude Include="consts.h">
      <Filter>Header Files</Filter>
    </ClInclude>
    <ClInclude Include="core.h">
      <Filter>Header Files</Filter>
    </ClInclude>
    <ClInclude Include="dib.h">
      <Filter>Header Files</Filter>
    </ClInclude>
    <ClInclude Include="dock3d.h">
      <Filter>Header Files</Filter>
    </ClInclude>
    <ClInclude Include="editicon.h">
      <Filter>Header Files</Filter>
    </ClInclude>
    <ClInclude Include="expose.h">
      <Filter>Header Files</Filter>
    </ClInclude>
    <ClInclude Include="gcombobox.h">
      <Filter>Header Files</Filter>
    </ClInclude>
    <ClInclude Include="icons.h">
      <Filter>Header Files</Filter>
    </ClInclude>
    <ClInclude Include="imagebutton.h">
      <Filter>Header Files</Filter>
    </ClInclude>
    <ClInclude Include="ini.h">
      <Filter>Header Files</Filter>
    </ClInclude>
    <ClInclude Include="items.h">
      <Filter>Header Files</Filter>
    </ClInclude>
    <ClInclude Include="menu.h">
      <Filter>Header Files</Filter>
    </ClInclude>
    <ClInclude Include="monitors.h">
      <Filter>Header Files</Filter>
    </ClInclude>
    <ClInclude Include="notifications.h">
      <Filter>Header Files</Filter>
    </ClInclude>
    <ClInclude Include="oddocklets.h">
      <Filter>Header Files</Filter>
    </ClInclude>
    <ClInclude Include="oledatasourceex.h">
      <Filter>Header Files</Filter>
    </ClInclude>
    <ClInclude Include="pluginlist.h">
      <Filter>Header Files</Filter>
    </ClInclude>
    <ClInclude Include="plugins.h">
      <Filter>Header Files</Filter>
    </ClInclude>
    <ClInclude Include="preferences.h">
      <Filter>Header Files</Filter>
    </ClInclude>
    <ClInclude Include="resource.h">
      <Filter>Header Files</Filter>
    </ClInclude>
    <ClInclude Include="safedwmapi.h">
      <Filter>Header Files</Filter>
    </ClInclude>
    <ClInclude Include="screencmp.h">
      <Filter>Header Files</Filter>
    </ClInclude>
    <ClInclude Include="shellio.h">
      <Filter>Header Files</Filter>
    </ClInclude>
    <ClInclude Include="skin.h">
      <Filter>Header Files</Filter>
    </ClInclude>
    <ClInclude Include="skinlist.h">
      <Filter>Header Files</Filter>
    </ClInclude>
    <ClInclude Include="stdafx.h">
      <Filter>Header Files</Filter>
    </ClInclude>
    <ClInclude Include="tabscontrol.h">
      <Filter>Header Files</Filter>
    </ClInclude>
    <ClInclude Include="trackbar.h">
      <Filter>Header Files</Filter>
    </ClInclude>
    <ClInclude Include="update.h">
      <Filter>Header Files</Filter>
    </ClInclude>
    <ClInclude Include="utils.h">
      <Filter>Header Files</Filter>
    </ClInclude>
    <ClInclude Include="xwd.h">
      <Filter>Header Files</Filter>
    </ClInclude>
    <ClInclude Include="XWDAPI.h">
      <Filter>Header Files</Filter>
    </ClInclude>
    <ClInclude Include="version.h">
      <Filter>Header Files</Filter>
    </ClInclude>
    <ClInclude Include="XWDPublicAPI.h">
      <Filter>Header Files</Filter>
    </ClInclude>
    <ClInclude Include="XWDPAPI.h">
      <Filter>Header Files</Filter>
    </ClInclude>
    <ClInclude Include="folderwatch.h">
      <Filter>Header Files</Filter>
    </ClInclude>
    <ClInclude Include="minimizer.h">
      <Filter>Header Files</Filter>
    </ClInclude>
  </ItemGroup>
  <ItemGroup>
    <ResourceCompile Include="xwd.rc">
      <Filter>Resource Files</Filter>
    </ResourceCompile>
  </ItemGroup>
</Project>